
Microsoft Visual Studio Solution File, Format Version 12.00
# Visual Studio Version 16
VisualStudioVersion = 16.0.30204.135
MinimumVisualStudioVersion = 10.0.40219.1
Project("{FAE04EC0-301F-11D3-BF4B-00C04F79EFBC}") = "Clock10", "Clock10\Clock10.csproj", "{56DB019F-A90A-4252-8517-2D76CD6A5FF2}"
EndProject
Project("{9A19103F-16F7-4668-BE54-9A1E7A4F7556}") = "Clock10.Core", "Clock10.Core\Clock10.Core.csproj", "{5909EC6B-F23E-4294-A704-F3FED889921F}"
EndProject
Global
	GlobalSection(SolutionConfigurationPlatforms) = preSolution
		Debug|Any CPU = Debug|Any CPU
		Debug|ARM = Debug|ARM
		Debug|ARM64 = Debug|ARM64
		Debug|x64 = Debug|x64
		Debug|x86 = Debug|x86
		Release|Any CPU = Release|Any CPU
		Release|ARM = Release|ARM
		Release|ARM64 = Release|ARM64
		Release|x64 = Release|x64
		Release|x86 = Release|x86
	EndGlobalSection
	GlobalSection(ProjectConfigurationPlatforms) = postSolution
		{56DB019F-A90A-4252-8517-2D76CD6A5FF2}.Debug|Any CPU.ActiveCfg = Debug|x86
		{56DB019F-A90A-4252-8517-2D76CD6A5FF2}.Debug|ARM.ActiveCfg = Debug|ARM
		{56DB019F-A90A-4252-8517-2D76CD6A5FF2}.Debug|ARM.Build.0 = Debug|ARM
		{56DB019F-A90A-4252-8517-2D76CD6A5FF2}.Debug|ARM.Deploy.0 = Debug|ARM
		{56DB019F-A90A-4252-8517-2D76CD6A5FF2}.Debug|ARM64.ActiveCfg = Debug|ARM64
		{56DB019F-A90A-4252-8517-2D76CD6A5FF2}.Debug|ARM64.Build.0 = Debug|ARM64
		{56DB019F-A90A-4252-8517-2D76CD6A5FF2}.Debug|ARM64.Deploy.0 = Debug|ARM64
		{56DB019F-A90A-4252-8517-2D76CD6A5FF2}.Debug|x64.ActiveCfg = Debug|x64
		{56DB019F-A90A-4252-8517-2D76CD6A5FF2}.Debug|x64.Build.0 = Debug|x64
		{56DB019F-A90A-4252-8517-2D76CD6A5FF2}.Debug|x64.Deploy.0 = Debug|x64
		{56DB019F-A90A-4252-8517-2D76CD6A5FF2}.Debug|x86.ActiveCfg = Debug|x86
		{56DB019F-A90A-4252-8517-2D76CD6A5FF2}.Debug|x86.Build.0 = Debug|x86
		{56DB019F-A90A-4252-8517-2D76CD6A5FF2}.Debug|x86.Deploy.0 = Debug|x86
		{56DB019F-A90A-4252-8517-2D76CD6A5FF2}.Release|Any CPU.ActiveCfg = Release|x86
		{56DB019F-A90A-4252-8517-2D76CD6A5FF2}.Release|ARM.ActiveCfg = Release|ARM
		{56DB019F-A90A-4252-8517-2D76CD6A5FF2}.Release|ARM.Build.0 = Release|ARM
		{56DB019F-A90A-4252-8517-2D76CD6A5FF2}.Release|ARM.Deploy.0 = Release|ARM
		{56DB019F-A90A-4252-8517-2D76CD6A5FF2}.Release|ARM64.ActiveCfg = Release|ARM64
		{56DB019F-A90A-4252-8517-2D76CD6A5FF2}.Release|ARM64.Build.0 = Release|ARM64
		{56DB019F-A90A-4252-8517-2D76CD6A5FF2}.Release|ARM64.Deploy.0 = Release|ARM64
		{56DB019F-A90A-4252-8517-2D76CD6A5FF2}.Release|x64.ActiveCfg = Release|x64
		{56DB019F-A90A-4252-8517-2D76CD6A5FF2}.Release|x64.Build.0 = Release|x64
		{56DB019F-A90A-4252-8517-2D76CD6A5FF2}.Release|x64.Deploy.0 = Release|x64
		{56DB019F-A90A-4252-8517-2D76CD6A5FF2}.Release|x86.ActiveCfg = Release|x86
		{56DB019F-A90A-4252-8517-2D76CD6A5FF2}.Release|x86.Build.0 = Release|x86
		{56DB019F-A90A-4252-8517-2D76CD6A5FF2}.Release|x86.Deploy.0 = Release|x86
		{5909EC6B-F23E-4294-A704-F3FED889921F}.Debug|Any CPU.ActiveCfg = Debug|Any CPU
		{5909EC6B-F23E-4294-A704-F3FED889921F}.Debug|Any CPU.Build.0 = Debug|Any CPU
		{5909EC6B-F23E-4294-A704-F3FED889921F}.Debug|ARM.ActiveCfg = Debug|Any CPU
		{5909EC6B-F23E-4294-A704-F3FED889921F}.Debug|ARM.Build.0 = Debug|Any CPU
		{5909EC6B-F23E-4294-A704-F3FED889921F}.Debug|ARM64.ActiveCfg = Debug|Any CPU
		{5909EC6B-F23E-4294-A704-F3FED889921F}.Debug|ARM64.Build.0 = Debug|Any CPU
		{5909EC6B-F23E-4294-A704-F3FED889921F}.Debug|x64.ActiveCfg = Debug|Any CPU
		{5909EC6B-F23E-4294-A704-F3FED889921F}.Debug|x64.Build.0 = Debug|Any CPU
		{5909EC6B-F23E-4294-A704-F3FED889921F}.Debug|x86.ActiveCfg = Debug|Any CPU
		{5909EC6B-F23E-4294-A704-F3FED889921F}.Debug|x86.Build.0 = Debug|Any CPU
		{5909EC6B-F23E-4294-A704-F3FED889921F}.Release|Any CPU.ActiveCfg = Release|Any CPU
		{5909EC6B-F23E-4294-A704-F3FED889921F}.Release|Any CPU.Build.0 = Release|Any CPU
		{5909EC6B-F23E-4294-A704-F3FED889921F}.Release|ARM.ActiveCfg = Release|Any CPU
		{5909EC6B-F23E-4294-A704-F3FED889921F}.Release|ARM.Build.0 = Release|Any CPU
		{5909EC6B-F23E-4294-A704-F3FED889921F}.Release|ARM64.ActiveCfg = Release|Any CPU
		{5909EC6B-F23E-4294-A704-F3FED889921F}.Release|ARM64.Build.0 = Release|Any CPU
		{5909EC6B-F23E-4294-A704-F3FED889921F}.Release|x64.ActiveCfg = Release|Any CPU
		{5909EC6B-F23E-4294-A704-F3FED889921F}.Release|x64.Build.0 = Release|Any CPU
		{5909EC6B-F23E-4294-A704-F3FED889921F}.Release|x86.ActiveCfg = Release|Any CPU
		{5909EC6B-F23E-4294-A704-F3FED889921F}.Release|x86.Build.0 = Release|Any CPU
	EndGlobalSection
	GlobalSection(SolutionProperties) = preSolution
		HideSolutionNode = FALSE
	EndGlobalSection
	GlobalSection(ExtensibilityGlobals) = postSolution
		SolutionGuid = {59C86268-1412-4FE2-AC68-0414F4F079D7}
	EndGlobalSection
EndGlobal
